
Microsoft Visual Studio Solution File, Format Version 12.00
# Visual Studio Version 16
VisualStudioVersion = 16.0.29806.167
MinimumVisualStudioVersion = 10.0.40219.1
Project("{FAE04EC0-301F-11D3-BF4B-00C04F79EFBC}") = "BigProject", "BigProject\BigProject.csproj", "{580EC0A6-C9F1-44AF-9DE2-B454AE361E16}"
EndProject
Global
	GlobalSection(SolutionConfigurationPlatforms) = preSolution
		Debug|Any CPU = Debug|Any CPU
		Release|Any CPU = Release|Any CPU
	EndGlobalSection
	GlobalSection(ProjectConfigurationPlatforms) = postSolution
		{580EC0A6-C9F1-44AF-9DE2-B454AE361E16}.Debug|Any CPU.ActiveCfg = Debug|Any CPU
		{580EC0A6-C9F1-44AF-9DE2-B454AE361E16}.Debug|Any CPU.Build.0 = Debug|Any CPU
		{580EC0A6-C9F1-44AF-9DE2-B454AE361E16}.Release|Any CPU.ActiveCfg = Release|Any CPU
		{580EC0A6-C9F1-44AF-9DE2-B454AE361E16}.Release|Any CPU.Build.0 = Release|Any CPU
	EndGlobalSection
	GlobalSection(SolutionProperties) = preSolution
		HideSolutionNode = FALSE
	EndGlobalSection
	GlobalSection(ExtensibilityGlobals) = postSolution
		SolutionGuid = {3F0704E6-DAE8-4B51-A403-ADD2D61AF94A}
	EndGlobalSection
EndGlobal
