
Microsoft Visual Studio Solution File, Format Version 12.00
# Visual Studio Version 16
VisualStudioVersion = 16.0.30413.136
MinimumVisualStudioVersion = 10.0.40219.1
Project("{9A19103F-16F7-4668-BE54-9A1E7A4F7556}") = "Task1_Homework", "Task1_Homework\Task1_Homework.csproj", "{80C3137B-30B3-4C5C-867C-C3063D4184CD}"
EndProject
Global
	GlobalSection(SolutionConfigurationPlatforms) = preSolution
		Debug|Any CPU = Debug|Any CPU
		Release|Any CPU = Release|Any CPU
	EndGlobalSection
	GlobalSection(ProjectConfigurationPlatforms) = postSolution
		{80C3137B-30B3-4C5C-867C-C3063D4184CD}.Debug|Any CPU.ActiveCfg = Debug|Any CPU
		{80C3137B-30B3-4C5C-867C-C3063D4184CD}.Debug|Any CPU.Build.0 = Debug|Any CPU
		{80C3137B-30B3-4C5C-867C-C3063D4184CD}.Release|Any CPU.ActiveCfg = Release|Any CPU
		{80C3137B-30B3-4C5C-867C-C3063D4184CD}.Release|Any CPU.Build.0 = Release|Any CPU
	EndGlobalSection
	GlobalSection(SolutionProperties) = preSolution
		HideSolutionNode = FALSE
	EndGlobalSection
	GlobalSection(ExtensibilityGlobals) = postSolution
		SolutionGuid = {5B3565E9-1927-4681-9E04-F124F13A513F}
	EndGlobalSection
EndGlobal
